
Microsoft Visual Studio Solution File, Format Version 12.00
# Visual Studio Version 17
VisualStudioVersion = 17.3.32922.545
MinimumVisualStudioVersion = 10.0.40219.1
Project("{888888A0-9F3D-457C-B088-3A5042F75D52}") = "Programmeringsuppgifter uppgift 15", "Programmeringsuppgifter uppgift 15\Programmeringsuppgifter uppgift 15.pyproj", "{4EC22BA0-1ABB-4758-B769-D512AF7A138F}"
EndProject
Global
	GlobalSection(SolutionConfigurationPlatforms) = preSolution
		Debug|Any CPU = Debug|Any CPU
		Release|Any CPU = Release|Any CPU
	EndGlobalSection
	GlobalSection(ProjectConfigurationPlatforms) = postSolution
		{4EC22BA0-1ABB-4758-B769-D512AF7A138F}.Debug|Any CPU.ActiveCfg = Debug|Any CPU
		{4EC22BA0-1ABB-4758-B769-D512AF7A138F}.Release|Any CPU.ActiveCfg = Release|Any CPU
	EndGlobalSection
	GlobalSection(SolutionProperties) = preSolution
		HideSolutionNode = FALSE
	EndGlobalSection
	GlobalSection(ExtensibilityGlobals) = postSolution
		SolutionGuid = {CB4DD54B-3EE3-455C-81BB-AD365A96410A}
	EndGlobalSection
EndGlobal
